
Microsoft Visual Studio Solution File, Format Version 12.00
# Visual Studio Version 16
VisualStudioVersion = 16.0.30907.101
MinimumVisualStudioVersion = 10.0.40219.1
Project("{FAE04EC0-301F-11D3-BF4B-00C04F79EFBC}") = "Gradery", "Gradery.csproj", "{04C78905-2A49-4CA1-BEE3-5D25A81CF343}"
EndProject
Global
	GlobalSection(SolutionConfigurationPlatforms) = preSolution
		Debug|Any CPU = Debug|Any CPU
		Release|Any CPU = Release|Any CPU
	EndGlobalSection
	GlobalSection(ProjectConfigurationPlatforms) = postSolution
		{04C78905-2A49-4CA1-BEE3-5D25A81CF343}.Debug|Any CPU.ActiveCfg = Debug|Any CPU
		{04C78905-2A49-4CA1-BEE3-5D25A81CF343}.Debug|Any CPU.Build.0 = Debug|Any CPU
		{04C78905-2A49-4CA1-BEE3-5D25A81CF343}.Release|Any CPU.ActiveCfg = Release|Any CPU
		{04C78905-2A49-4CA1-BEE3-5D25A81CF343}.Release|Any CPU.Build.0 = Release|Any CPU
	EndGlobalSection
	GlobalSection(SolutionProperties) = preSolution
		HideSolutionNode = FALSE
	EndGlobalSection
	GlobalSection(ExtensibilityGlobals) = postSolution
		SolutionGuid = {302E73C6-0887-4E18-A378-8D2EC78877D9}
	EndGlobalSection
EndGlobal
